
Microsoft Visual Studio Solution File, Format Version 12.00
# Visual Studio Version 17
VisualStudioVersion = 17.7.34024.191
MinimumVisualStudioVersion = 10.0.40219.1
Project("{FAE04EC0-301F-11D3-BF4B-00C04F79EFBC}") = "Duplicate Encoder", "Duplicate Encoder.csproj", "{ADE212BC-074B-4E01-BAF0-9A543C8472BA}"
EndProject
Global
	GlobalSection(SolutionConfigurationPlatforms) = preSolution
		Debug|Any CPU = Debug|Any CPU
		Release|Any CPU = Release|Any CPU
	EndGlobalSection
	GlobalSection(ProjectConfigurationPlatforms) = postSolution
		{ADE212BC-074B-4E01-BAF0-9A543C8472BA}.Debug|Any CPU.ActiveCfg = Debug|Any CPU
		{ADE212BC-074B-4E01-BAF0-9A543C8472BA}.Debug|Any CPU.Build.0 = Debug|Any CPU
		{ADE212BC-074B-4E01-BAF0-9A543C8472BA}.Release|Any CPU.ActiveCfg = Release|Any CPU
		{ADE212BC-074B-4E01-BAF0-9A543C8472BA}.Release|Any CPU.Build.0 = Release|Any CPU
	EndGlobalSection
	GlobalSection(SolutionProperties) = preSolution
		HideSolutionNode = FALSE
	EndGlobalSection
	GlobalSection(ExtensibilityGlobals) = postSolution
		SolutionGuid = {49F7072F-6992-478F-AD39-F07DC4A9FD45}
	EndGlobalSection
EndGlobal
