
Microsoft Visual Studio Solution File, Format Version 12.00
# Visual Studio Version 17
VisualStudioVersion = 17.7.34024.191
MinimumVisualStudioVersion = 10.0.40219.1
Project("{FAE04EC0-301F-11D3-BF4B-00C04F79EFBC}") = "Next bigger number with the same digits", "Next bigger number with the same digits.csproj", "{32512D40-B4B9-4870-A2CA-B7281FAACFD2}"
EndProject
Global
	GlobalSection(SolutionConfigurationPlatforms) = preSolution
		Debug|Any CPU = Debug|Any CPU
		Release|Any CPU = Release|Any CPU
	EndGlobalSection
	GlobalSection(ProjectConfigurationPlatforms) = postSolution
		{32512D40-B4B9-4870-A2CA-B7281FAACFD2}.Debug|Any CPU.ActiveCfg = Debug|Any CPU
		{32512D40-B4B9-4870-A2CA-B7281FAACFD2}.Debug|Any CPU.Build.0 = Debug|Any CPU
		{32512D40-B4B9-4870-A2CA-B7281FAACFD2}.Release|Any CPU.ActiveCfg = Release|Any CPU
		{32512D40-B4B9-4870-A2CA-B7281FAACFD2}.Release|Any CPU.Build.0 = Release|Any CPU
	EndGlobalSection
	GlobalSection(SolutionProperties) = preSolution
		HideSolutionNode = FALSE
	EndGlobalSection
	GlobalSection(ExtensibilityGlobals) = postSolution
		SolutionGuid = {16DED4F0-B684-4FC6-87B3-40C4E52D89A0}
	EndGlobalSection
EndGlobal
