
Microsoft Visual Studio Solution File, Format Version 12.00
# Visual Studio Version 17
VisualStudioVersion = 17.7.34024.191
MinimumVisualStudioVersion = 10.0.40219.1
Project("{FAE04EC0-301F-11D3-BF4B-00C04F79EFBC}") = "Convert a String to a Number!", "Convert a String to a Number!.csproj", "{B665B98C-64E5-4C2A-BC43-1120DA857757}"
EndProject
Global
	GlobalSection(SolutionConfigurationPlatforms) = preSolution
		Debug|Any CPU = Debug|Any CPU
		Release|Any CPU = Release|Any CPU
	EndGlobalSection
	GlobalSection(ProjectConfigurationPlatforms) = postSolution
		{B665B98C-64E5-4C2A-BC43-1120DA857757}.Debug|Any CPU.ActiveCfg = Debug|Any CPU
		{B665B98C-64E5-4C2A-BC43-1120DA857757}.Debug|Any CPU.Build.0 = Debug|Any CPU
		{B665B98C-64E5-4C2A-BC43-1120DA857757}.Release|Any CPU.ActiveCfg = Release|Any CPU
		{B665B98C-64E5-4C2A-BC43-1120DA857757}.Release|Any CPU.Build.0 = Release|Any CPU
	EndGlobalSection
	GlobalSection(SolutionProperties) = preSolution
		HideSolutionNode = FALSE
	EndGlobalSection
	GlobalSection(ExtensibilityGlobals) = postSolution
		SolutionGuid = {A00FCDF5-1CBF-412E-A5FE-B2A5A4BAA333}
	EndGlobalSection
EndGlobal
