
Microsoft Visual Studio Solution File, Format Version 12.00
Project("{FAE04EC0-301F-11D3-BF4B-00C04F79EFBC}") = "Return Negative", "Return Negative.csproj", "{72DE2D18-5B7C-432E-AB90-25271017E0CA}"
EndProject
Project("{FAE04EC0-301F-11D3-BF4B-00C04F79EFBC}") = "Return Negative.Tests", "Return Negative.Tests\Return Negative.Tests.csproj", "{09737316-9B35-4544-8ED5-F80B012B5A53}"
EndProject
Global
	GlobalSection(SolutionConfigurationPlatforms) = preSolution
		Debug|Any CPU = Debug|Any CPU
		Release|Any CPU = Release|Any CPU
	EndGlobalSection
	GlobalSection(ProjectConfigurationPlatforms) = postSolution
		{72DE2D18-5B7C-432E-AB90-25271017E0CA}.Debug|Any CPU.ActiveCfg = Debug|Any CPU
		{72DE2D18-5B7C-432E-AB90-25271017E0CA}.Debug|Any CPU.Build.0 = Debug|Any CPU
		{72DE2D18-5B7C-432E-AB90-25271017E0CA}.Release|Any CPU.ActiveCfg = Release|Any CPU
		{72DE2D18-5B7C-432E-AB90-25271017E0CA}.Release|Any CPU.Build.0 = Release|Any CPU
		{09737316-9B35-4544-8ED5-F80B012B5A53}.Debug|Any CPU.ActiveCfg = Debug|Any CPU
		{09737316-9B35-4544-8ED5-F80B012B5A53}.Debug|Any CPU.Build.0 = Debug|Any CPU
		{09737316-9B35-4544-8ED5-F80B012B5A53}.Release|Any CPU.ActiveCfg = Release|Any CPU
		{09737316-9B35-4544-8ED5-F80B012B5A53}.Release|Any CPU.Build.0 = Release|Any CPU
	EndGlobalSection
EndGlobal
