
Microsoft Visual Studio Solution File, Format Version 12.00
Project("{FAE04EC0-301F-11D3-BF4B-00C04F79EFBC}") = "Are they the same", "Are they the same.csproj", "{0BF01B51-1EB5-4B43-BDBA-66FBDE499D99}"
EndProject
Global
	GlobalSection(SolutionConfigurationPlatforms) = preSolution
		Debug|Any CPU = Debug|Any CPU
		Release|Any CPU = Release|Any CPU
	EndGlobalSection
	GlobalSection(ProjectConfigurationPlatforms) = postSolution
		{0BF01B51-1EB5-4B43-BDBA-66FBDE499D99}.Debug|Any CPU.ActiveCfg = Debug|Any CPU
		{0BF01B51-1EB5-4B43-BDBA-66FBDE499D99}.Debug|Any CPU.Build.0 = Debug|Any CPU
		{0BF01B51-1EB5-4B43-BDBA-66FBDE499D99}.Release|Any CPU.ActiveCfg = Release|Any CPU
		{0BF01B51-1EB5-4B43-BDBA-66FBDE499D99}.Release|Any CPU.Build.0 = Release|Any CPU
	EndGlobalSection
EndGlobal
