
Microsoft Visual Studio Solution File, Format Version 12.00
Project("{FAE04EC0-301F-11D3-BF4B-00C04F79EFBC}") = "Sum of odd numbers", "Sum of odd numbers\Sum of odd numbers.csproj", "{6AFE445F-741F-4AD1-8767-7055F94AA279}"
EndProject
Global
	GlobalSection(SolutionConfigurationPlatforms) = preSolution
		Debug|Any CPU = Debug|Any CPU
		Release|Any CPU = Release|Any CPU
	EndGlobalSection
	GlobalSection(ProjectConfigurationPlatforms) = postSolution
		{6AFE445F-741F-4AD1-8767-7055F94AA279}.Debug|Any CPU.ActiveCfg = Debug|Any CPU
		{6AFE445F-741F-4AD1-8767-7055F94AA279}.Debug|Any CPU.Build.0 = Debug|Any CPU
		{6AFE445F-741F-4AD1-8767-7055F94AA279}.Release|Any CPU.ActiveCfg = Release|Any CPU
		{6AFE445F-741F-4AD1-8767-7055F94AA279}.Release|Any CPU.Build.0 = Release|Any CPU
	EndGlobalSection
EndGlobal
