
Microsoft Visual Studio Solution File, Format Version 12.00
# Visual Studio Version 17
VisualStudioVersion = 17.7.34024.191
MinimumVisualStudioVersion = 10.0.40219.1
Project("{FAE04EC0-301F-11D3-BF4B-00C04F79EFBC}") = "Bit Counting", "Bit Counting.csproj", "{A36AEC8F-C77B-4784-91C5-B829BD18DC91}"
EndProject
Global
	GlobalSection(SolutionConfigurationPlatforms) = preSolution
		Debug|Any CPU = Debug|Any CPU
		Release|Any CPU = Release|Any CPU
	EndGlobalSection
	GlobalSection(ProjectConfigurationPlatforms) = postSolution
		{A36AEC8F-C77B-4784-91C5-B829BD18DC91}.Debug|Any CPU.ActiveCfg = Debug|Any CPU
		{A36AEC8F-C77B-4784-91C5-B829BD18DC91}.Debug|Any CPU.Build.0 = Debug|Any CPU
		{A36AEC8F-C77B-4784-91C5-B829BD18DC91}.Release|Any CPU.ActiveCfg = Release|Any CPU
		{A36AEC8F-C77B-4784-91C5-B829BD18DC91}.Release|Any CPU.Build.0 = Release|Any CPU
	EndGlobalSection
	GlobalSection(SolutionProperties) = preSolution
		HideSolutionNode = FALSE
	EndGlobalSection
	GlobalSection(ExtensibilityGlobals) = postSolution
		SolutionGuid = {68457D9E-FA06-46F2-B589-6CF9C7139224}
	EndGlobalSection
EndGlobal
