
Microsoft Visual Studio Solution File, Format Version 12.00
Project("{FAE04EC0-301F-11D3-BF4B-00C04F79EFBC}") = "Remove First and Last Character Part Two", "Remove First and Last Character Part Two.csproj", "{B5163D69-747B-4497-B932-20067BF632B5}"
EndProject
Global
	GlobalSection(SolutionConfigurationPlatforms) = preSolution
		Debug|Any CPU = Debug|Any CPU
		Release|Any CPU = Release|Any CPU
	EndGlobalSection
	GlobalSection(ProjectConfigurationPlatforms) = postSolution
		{B5163D69-747B-4497-B932-20067BF632B5}.Debug|Any CPU.ActiveCfg = Debug|Any CPU
		{B5163D69-747B-4497-B932-20067BF632B5}.Debug|Any CPU.Build.0 = Debug|Any CPU
		{B5163D69-747B-4497-B932-20067BF632B5}.Release|Any CPU.ActiveCfg = Release|Any CPU
		{B5163D69-747B-4497-B932-20067BF632B5}.Release|Any CPU.Build.0 = Release|Any CPU
	EndGlobalSection
EndGlobal
