
Microsoft Visual Studio Solution File, Format Version 12.00
Project("{FAE04EC0-301F-11D3-BF4B-00C04F79EFBC}") = "Function 1 - hello world", "Function 1 - hello world.csproj", "{84E788AA-144E-4388-9889-00DC8CFD1775}"
EndProject
Global
	GlobalSection(SolutionConfigurationPlatforms) = preSolution
		Debug|Any CPU = Debug|Any CPU
		Release|Any CPU = Release|Any CPU
	EndGlobalSection
	GlobalSection(ProjectConfigurationPlatforms) = postSolution
		{84E788AA-144E-4388-9889-00DC8CFD1775}.Debug|Any CPU.ActiveCfg = Debug|Any CPU
		{84E788AA-144E-4388-9889-00DC8CFD1775}.Debug|Any CPU.Build.0 = Debug|Any CPU
		{84E788AA-144E-4388-9889-00DC8CFD1775}.Release|Any CPU.ActiveCfg = Release|Any CPU
		{84E788AA-144E-4388-9889-00DC8CFD1775}.Release|Any CPU.Build.0 = Release|Any CPU
	EndGlobalSection
EndGlobal
