
Microsoft Visual Studio Solution File, Format Version 12.00
Project("{FAE04EC0-301F-11D3-BF4B-00C04F79EFBC}") = "Count of positives sum of negatives", "Count of positives sum of negatives.csproj", "{49C035C6-80A9-4D0F-8D18-2E54278562B0}"
EndProject
Project("{FAE04EC0-301F-11D3-BF4B-00C04F79EFBC}") = "Count of positives sum of negatives.Test", "Count of positives sum of negatives.Test\Count of positives sum of negatives.Test.csproj", "{DF2EF7B1-CA43-45E8-BE53-8BD3DB92BDEE}"
EndProject
Global
	GlobalSection(SolutionConfigurationPlatforms) = preSolution
		Debug|Any CPU = Debug|Any CPU
		Release|Any CPU = Release|Any CPU
	EndGlobalSection
	GlobalSection(ProjectConfigurationPlatforms) = postSolution
		{49C035C6-80A9-4D0F-8D18-2E54278562B0}.Debug|Any CPU.ActiveCfg = Debug|Any CPU
		{49C035C6-80A9-4D0F-8D18-2E54278562B0}.Debug|Any CPU.Build.0 = Debug|Any CPU
		{49C035C6-80A9-4D0F-8D18-2E54278562B0}.Release|Any CPU.ActiveCfg = Release|Any CPU
		{49C035C6-80A9-4D0F-8D18-2E54278562B0}.Release|Any CPU.Build.0 = Release|Any CPU
		{DF2EF7B1-CA43-45E8-BE53-8BD3DB92BDEE}.Debug|Any CPU.ActiveCfg = Debug|Any CPU
		{DF2EF7B1-CA43-45E8-BE53-8BD3DB92BDEE}.Debug|Any CPU.Build.0 = Debug|Any CPU
		{DF2EF7B1-CA43-45E8-BE53-8BD3DB92BDEE}.Release|Any CPU.ActiveCfg = Release|Any CPU
		{DF2EF7B1-CA43-45E8-BE53-8BD3DB92BDEE}.Release|Any CPU.Build.0 = Release|Any CPU
	EndGlobalSection
EndGlobal
