
Microsoft Visual Studio Solution File, Format Version 12.00
# Visual Studio Version 17
VisualStudioVersion = 17.7.34024.191
MinimumVisualStudioVersion = 10.0.40219.1
Project("{FAE04EC0-301F-11D3-BF4B-00C04F79EFBC}") = "Leap Years", "Leap Years.csproj", "{4FCDAF9F-DD9C-45BE-9266-4534C6A8A721}"
EndProject
Global
	GlobalSection(SolutionConfigurationPlatforms) = preSolution
		Debug|Any CPU = Debug|Any CPU
		Release|Any CPU = Release|Any CPU
	EndGlobalSection
	GlobalSection(ProjectConfigurationPlatforms) = postSolution
		{4FCDAF9F-DD9C-45BE-9266-4534C6A8A721}.Debug|Any CPU.ActiveCfg = Debug|Any CPU
		{4FCDAF9F-DD9C-45BE-9266-4534C6A8A721}.Debug|Any CPU.Build.0 = Debug|Any CPU
		{4FCDAF9F-DD9C-45BE-9266-4534C6A8A721}.Release|Any CPU.ActiveCfg = Release|Any CPU
		{4FCDAF9F-DD9C-45BE-9266-4534C6A8A721}.Release|Any CPU.Build.0 = Release|Any CPU
	EndGlobalSection
	GlobalSection(SolutionProperties) = preSolution
		HideSolutionNode = FALSE
	EndGlobalSection
	GlobalSection(ExtensibilityGlobals) = postSolution
		SolutionGuid = {54E0EDB2-2035-4354-9A11-48B90F5E1961}
	EndGlobalSection
EndGlobal
