
Microsoft Visual Studio Solution File, Format Version 12.00
# Visual Studio Version 17
VisualStudioVersion = 17.7.34024.191
MinimumVisualStudioVersion = 10.0.40219.1
Project("{FAE04EC0-301F-11D3-BF4B-00C04F79EFBC}") = "Break camelCase", "Break camelCase.csproj", "{14514496-D6A1-46C4-9AB2-CF03C3422C7E}"
EndProject
Global
	GlobalSection(SolutionConfigurationPlatforms) = preSolution
		Debug|Any CPU = Debug|Any CPU
		Release|Any CPU = Release|Any CPU
	EndGlobalSection
	GlobalSection(ProjectConfigurationPlatforms) = postSolution
		{14514496-D6A1-46C4-9AB2-CF03C3422C7E}.Debug|Any CPU.ActiveCfg = Debug|Any CPU
		{14514496-D6A1-46C4-9AB2-CF03C3422C7E}.Debug|Any CPU.Build.0 = Debug|Any CPU
		{14514496-D6A1-46C4-9AB2-CF03C3422C7E}.Release|Any CPU.ActiveCfg = Release|Any CPU
		{14514496-D6A1-46C4-9AB2-CF03C3422C7E}.Release|Any CPU.Build.0 = Release|Any CPU
	EndGlobalSection
	GlobalSection(SolutionProperties) = preSolution
		HideSolutionNode = FALSE
	EndGlobalSection
	GlobalSection(ExtensibilityGlobals) = postSolution
		SolutionGuid = {B7281D04-646F-412F-9492-204EEED701CF}
	EndGlobalSection
EndGlobal
