
Microsoft Visual Studio Solution File, Format Version 12.00
Project("{FAE04EC0-301F-11D3-BF4B-00C04F79EFBC}") = "Persistent Bugger", "Persistent Bugger.csproj", "{8C7E47C8-BFD8-4885-BA09-900FEA293255}"
EndProject
Project("{FAE04EC0-301F-11D3-BF4B-00C04F79EFBC}") = "Persistent Bugger.Test", "Persistent Bugger.Test\Persistent Bugger.Test.csproj", "{01C0BC61-F321-43B2-B65D-722D7C082E67}"
EndProject
Global
	GlobalSection(SolutionConfigurationPlatforms) = preSolution
		Debug|Any CPU = Debug|Any CPU
		Release|Any CPU = Release|Any CPU
	EndGlobalSection
	GlobalSection(ProjectConfigurationPlatforms) = postSolution
		{8C7E47C8-BFD8-4885-BA09-900FEA293255}.Debug|Any CPU.ActiveCfg = Debug|Any CPU
		{8C7E47C8-BFD8-4885-BA09-900FEA293255}.Debug|Any CPU.Build.0 = Debug|Any CPU
		{8C7E47C8-BFD8-4885-BA09-900FEA293255}.Release|Any CPU.ActiveCfg = Release|Any CPU
		{8C7E47C8-BFD8-4885-BA09-900FEA293255}.Release|Any CPU.Build.0 = Release|Any CPU
		{01C0BC61-F321-43B2-B65D-722D7C082E67}.Debug|Any CPU.ActiveCfg = Debug|Any CPU
		{01C0BC61-F321-43B2-B65D-722D7C082E67}.Debug|Any CPU.Build.0 = Debug|Any CPU
		{01C0BC61-F321-43B2-B65D-722D7C082E67}.Release|Any CPU.ActiveCfg = Release|Any CPU
		{01C0BC61-F321-43B2-B65D-722D7C082E67}.Release|Any CPU.Build.0 = Release|Any CPU
	EndGlobalSection
EndGlobal
