
Microsoft Visual Studio Solution File, Format Version 12.00
# Visual Studio Version 17
VisualStudioVersion = 17.7.34024.191
MinimumVisualStudioVersion = 10.0.40219.1
Project("{FAE04EC0-301F-11D3-BF4B-00C04F79EFBC}") = "Century From Year", "Century From Year.csproj", "{85C65CBE-95BE-4859-8EB0-A3CADA41512B}"
EndProject
Global
	GlobalSection(SolutionConfigurationPlatforms) = preSolution
		Debug|Any CPU = Debug|Any CPU
		Release|Any CPU = Release|Any CPU
	EndGlobalSection
	GlobalSection(ProjectConfigurationPlatforms) = postSolution
		{85C65CBE-95BE-4859-8EB0-A3CADA41512B}.Debug|Any CPU.ActiveCfg = Debug|Any CPU
		{85C65CBE-95BE-4859-8EB0-A3CADA41512B}.Debug|Any CPU.Build.0 = Debug|Any CPU
		{85C65CBE-95BE-4859-8EB0-A3CADA41512B}.Release|Any CPU.ActiveCfg = Release|Any CPU
		{85C65CBE-95BE-4859-8EB0-A3CADA41512B}.Release|Any CPU.Build.0 = Release|Any CPU
	EndGlobalSection
	GlobalSection(SolutionProperties) = preSolution
		HideSolutionNode = FALSE
	EndGlobalSection
	GlobalSection(ExtensibilityGlobals) = postSolution
		SolutionGuid = {0C2AF79E-B306-4051-87E1-EE594198CB07}
	EndGlobalSection
EndGlobal
