
Microsoft Visual Studio Solution File, Format Version 12.00
# Visual Studio Version 17
VisualStudioVersion = 17.7.34024.191
MinimumVisualStudioVersion = 10.0.40219.1
Project("{FAE04EC0-301F-11D3-BF4B-00C04F79EFBC}") = "Printer Errors", "Printer Errors.csproj", "{3A36071A-EABC-49E3-94F3-C92E8D94D23E}"
EndProject
Global
	GlobalSection(SolutionConfigurationPlatforms) = preSolution
		Debug|Any CPU = Debug|Any CPU
		Release|Any CPU = Release|Any CPU
	EndGlobalSection
	GlobalSection(ProjectConfigurationPlatforms) = postSolution
		{3A36071A-EABC-49E3-94F3-C92E8D94D23E}.Debug|Any CPU.ActiveCfg = Debug|Any CPU
		{3A36071A-EABC-49E3-94F3-C92E8D94D23E}.Debug|Any CPU.Build.0 = Debug|Any CPU
		{3A36071A-EABC-49E3-94F3-C92E8D94D23E}.Release|Any CPU.ActiveCfg = Release|Any CPU
		{3A36071A-EABC-49E3-94F3-C92E8D94D23E}.Release|Any CPU.Build.0 = Release|Any CPU
	EndGlobalSection
	GlobalSection(SolutionProperties) = preSolution
		HideSolutionNode = FALSE
	EndGlobalSection
	GlobalSection(ExtensibilityGlobals) = postSolution
		SolutionGuid = {15EDAC6E-8767-4EAF-8C38-21498229E0CF}
	EndGlobalSection
EndGlobal
