
Microsoft Visual Studio Solution File, Format Version 12.00
Project("{FAE04EC0-301F-11D3-BF4B-00C04F79EFBC}") = "Thinkful - Logic Drills Traffic light", "Thinkful - Logic Drills Traffic light.csproj", "{46D221A0-DDB1-4630-8AEB-527EA684BFC1}"
EndProject
Global
	GlobalSection(SolutionConfigurationPlatforms) = preSolution
		Debug|Any CPU = Debug|Any CPU
		Release|Any CPU = Release|Any CPU
	EndGlobalSection
	GlobalSection(ProjectConfigurationPlatforms) = postSolution
		{46D221A0-DDB1-4630-8AEB-527EA684BFC1}.Debug|Any CPU.ActiveCfg = Debug|Any CPU
		{46D221A0-DDB1-4630-8AEB-527EA684BFC1}.Debug|Any CPU.Build.0 = Debug|Any CPU
		{46D221A0-DDB1-4630-8AEB-527EA684BFC1}.Release|Any CPU.ActiveCfg = Release|Any CPU
		{46D221A0-DDB1-4630-8AEB-527EA684BFC1}.Release|Any CPU.Build.0 = Release|Any CPU
	EndGlobalSection
EndGlobal
